
Microsoft Visual Studio Solution File, Format Version 12.00
# Visual Studio Version 16
VisualStudioVersion = 16.0.29709.97
MinimumVisualStudioVersion = 10.0.40219.1
Project("{FAE04EC0-301F-11D3-BF4B-00C04F79EFBC}") = "Gallery.UWP", "Gallery\Gallery.UWP\Gallery.UWP.csproj", "{A9DF6BE0-17C6-467A-A000-9FBC1349FF3A}"
EndProject
Project("{FAE04EC0-301F-11D3-BF4B-00C04F79EFBC}") = "Gallery.Android", "Gallery\Gallery.Android\Gallery.Android.csproj", "{41EED789-3DA6-4D13-B995-BC1201ADEA6F}"
EndProject
Project("{FAE04EC0-301F-11D3-BF4B-00C04F79EFBC}") = "Gallery.iOS", "Gallery\Gallery.iOS\Gallery.iOS.csproj", "{433C978D-B846-4C20-B6C9-8CE8C0C74478}"
EndProject
Project("{FAE04EC0-301F-11D3-BF4B-00C04F79EFBC}") = "Gallery", "Gallery\Gallery\Gallery.csproj", "{1F3596A3-683F-4AC9-9E51-8BFD37B6B80A}"
EndProject
Global
	GlobalSection(SolutionConfigurationPlatforms) = preSolution
		Debug|Any CPU = Debug|Any CPU
		Debug|ARM = Debug|ARM
		Debug|iPhone = Debug|iPhone
		Debug|iPhoneSimulator = Debug|iPhoneSimulator
		Debug|x64 = Debug|x64
		Debug|x86 = Debug|x86
		Release|Any CPU = Release|Any CPU
		Release|ARM = Release|ARM
		Release|iPhone = Release|iPhone
		Release|iPhoneSimulator = Release|iPhoneSimulator
		Release|x64 = Release|x64
		Release|x86 = Release|x86
	EndGlobalSection
	GlobalSection(ProjectConfigurationPlatforms) = postSolution
		{A9DF6BE0-17C6-467A-A000-9FBC1349FF3A}.Debug|Any CPU.ActiveCfg = Debug|x86
		{A9DF6BE0-17C6-467A-A000-9FBC1349FF3A}.Debug|Any CPU.Build.0 = Debug|x86
		{A9DF6BE0-17C6-467A-A000-9FBC1349FF3A}.Debug|Any CPU.Deploy.0 = Debug|x86
		{A9DF6BE0-17C6-467A-A000-9FBC1349FF3A}.Debug|ARM.ActiveCfg = Debug|ARM
		{A9DF6BE0-17C6-467A-A000-9FBC1349FF3A}.Debug|ARM.Build.0 = Debug|ARM
		{A9DF6BE0-17C6-467A-A000-9FBC1349FF3A}.Debug|ARM.Deploy.0 = Debug|ARM
		{A9DF6BE0-17C6-467A-A000-9FBC1349FF3A}.Debug|iPhone.ActiveCfg = Debug|x86
		{A9DF6BE0-17C6-467A-A000-9FBC1349FF3A}.Debug|iPhone.Build.0 = Debug|x86
		{A9DF6BE0-17C6-467A-A000-9FBC1349FF3A}.Debug|iPhone.Deploy.0 = Debug|x86
		{A9DF6BE0-17C6-467A-A000-9FBC1349FF3A}.Debug|iPhoneSimulator.ActiveCfg = Debug|x86
		{A9DF6BE0-17C6-467A-A000-9FBC1349FF3A}.Debug|iPhoneSimulator.Build.0 = Debug|x86
		{A9DF6BE0-17C6-467A-A000-9FBC1349FF3A}.Debug|iPhoneSimulator.Deploy.0 = Debug|x86
		{A9DF6BE0-17C6-467A-A000-9FBC1349FF3A}.Debug|x64.ActiveCfg = Debug|x64
		{A9DF6BE0-17C6-467A-A000-9FBC1349FF3A}.Debug|x64.Build.0 = Debug|x64
		{A9DF6BE0-17C6-467A-A000-9FBC1349FF3A}.Debug|x64.Deploy.0 = Debug|x64
		{A9DF6BE0-17C6-467A-A000-9FBC1349FF3A}.Debug|x86.ActiveCfg = Debug|x86
		{A9DF6BE0-17C6-467A-A000-9FBC1349FF3A}.Debug|x86.Build.0 = Debug|x86
		{A9DF6BE0-17C6-467A-A000-9FBC1349FF3A}.Debug|x86.Deploy.0 = Debug|x86
		{A9DF6BE0-17C6-467A-A000-9FBC1349FF3A}.Release|Any CPU.ActiveCfg = Release|x86
		{A9DF6BE0-17C6-467A-A000-9FBC1349FF3A}.Release|Any CPU.Build.0 = Release|x86
		{A9DF6BE0-17C6-467A-A000-9FBC1349FF3A}.Release|Any CPU.Deploy.0 = Release|x86
		{A9DF6BE0-17C6-467A-A000-9FBC1349FF3A}.Release|ARM.ActiveCfg = Release|ARM
		{A9DF6BE0-17C6-467A-A000-9FBC1349FF3A}.Release|ARM.Build.0 = Release|ARM
		{A9DF6BE0-17C6-467A-A000-9FBC1349FF3A}.Release|ARM.Deploy.0 = Release|ARM
		{A9DF6BE0-17C6-467A-A000-9FBC1349FF3A}.Release|iPhone.ActiveCfg = Release|x86
		{A9DF6BE0-17C6-467A-A000-9FBC1349FF3A}.Release|iPhone.Build.0 = Release|x86
		{A9DF6BE0-17C6-467A-A000-9FBC1349FF3A}.Release|iPhone.Deploy.0 = Release|x86
		{A9DF6BE0-17C6-467A-A000-9FBC1349FF3A}.Release|iPhoneSimulator.ActiveCfg = Release|x86
		{A9DF6BE0-17C6-467A-A000-9FBC1349FF3A}.Release|iPhoneSimulator.Build.0 = Release|x86
		{A9DF6BE0-17C6-467A-A000-9FBC1349FF3A}.Release|iPhoneSimulator.Deploy.0 = Release|x86
		{A9DF6BE0-17C6-467A-A000-9FBC1349FF3A}.Release|x64.ActiveCfg = Release|x64
		{A9DF6BE0-17C6-467A-A000-9FBC1349FF3A}.Release|x64.Build.0 = Release|x64
		{A9DF6BE0-17C6-467A-A000-9FBC1349FF3A}.Release|x64.Deploy.0 = Release|x64
		{A9DF6BE0-17C6-467A-A000-9FBC1349FF3A}.Release|x86.ActiveCfg = Release|x86
		{A9DF6BE0-17C6-467A-A000-9FBC1349FF3A}.Release|x86.Build.0 = Release|x86
		{A9DF6BE0-17C6-467A-A000-9FBC1349FF3A}.Release|x86.Deploy.0 = Release|x86
		{41EED789-3DA6-4D13-B995-BC1201ADEA6F}.Debug|Any CPU.ActiveCfg = Debug|Any CPU
		{41EED789-3DA6-4D13-B995-BC1201ADEA6F}.Debug|Any CPU.Build.0 = Debug|Any CPU
		{41EED789-3DA6-4D13-B995-BC1201ADEA6F}.Debug|Any CPU.Deploy.0 = Debug|Any CPU
		{41EED789-3DA6-4D13-B995-BC1201ADEA6F}.Debug|ARM.ActiveCfg = Debug|Any CPU
		{41EED789-3DA6-4D13-B995-BC1201ADEA6F}.Debug|ARM.Build.0 = Debug|Any CPU
		{41EED789-3DA6-4D13-B995-BC1201ADEA6F}.Debug|ARM.Deploy.0 = Debug|Any CPU
		{41EED789-3DA6-4D13-B995-BC1201ADEA6F}.Debug|iPhone.ActiveCfg = Debug|Any CPU
		{41EED789-3DA6-4D13-B995-BC1201ADEA6F}.Debug|iPhone.Build.0 = Debug|Any CPU
		{41EED789-3DA6-4D13-B995-BC1201ADEA6F}.Debug|iPhone.Deploy.0 = Debug|Any CPU
		{41EED789-3DA6-4D13-B995-BC1201ADEA6F}.Debug|iPhoneSimulator.ActiveCfg = Debug|Any CPU
		{41EED789-3DA6-4D13-B995-BC1201ADEA6F}.Debug|iPhoneSimulator.Build.0 = Debug|Any CPU
		{41EED789-3DA6-4D13-B995-BC1201ADEA6F}.Debug|iPhoneSimulator.Deploy.0 = Debug|Any CPU
		{41EED789-3DA6-4D13-B995-BC1201ADEA6F}.Debug|x64.ActiveCfg = Debug|Any CPU
		{41EED789-3DA6-4D13-B995-BC1201ADEA6F}.Debug|x64.Build.0 = Debug|Any CPU
		{41EED789-3DA6-4D13-B995-BC1201ADEA6F}.Debug|x64.Deploy.0 = Debug|Any CPU
		{41EED789-3DA6-4D13-B995-BC1201ADEA6F}.Debug|x86.ActiveCfg = Debug|Any CPU
		{41EED789-3DA6-4D13-B995-BC1201ADEA6F}.Debug|x86.Build.0 = Debug|Any CPU
		{41EED789-3DA6-4D13-B995-BC1201ADEA6F}.Debug|x86.Deploy.0 = Debug|Any CPU
		{41EED789-3DA6-4D13-B995-BC1201ADEA6F}.Release|Any CPU.ActiveCfg = Release|Any CPU
		{41EED789-3DA6-4D13-B995-BC1201ADEA6F}.Release|Any CPU.Build.0 = Release|Any CPU
		{41EED789-3DA6-4D13-B995-BC1201ADEA6F}.Release|Any CPU.Deploy.0 = Release|Any CPU
		{41EED789-3DA6-4D13-B995-BC1201ADEA6F}.Release|ARM.ActiveCfg = Release|Any CPU
		{41EED789-3DA6-4D13-B995-BC1201ADEA6F}.Release|ARM.Build.0 = Release|Any CPU
		{41EED789-3DA6-4D13-B995-BC1201ADEA6F}.Release|ARM.Deploy.0 = Release|Any CPU
		{41EED789-3DA6-4D13-B995-BC1201ADEA6F}.Release|iPhone.ActiveCfg = Release|Any CPU
		{41EED789-3DA6-4D13-B995-BC1201ADEA6F}.Release|iPhone.Build.0 = Release|Any CPU
		{41EED789-3DA6-4D13-B995-BC1201ADEA6F}.Release|iPhone.Deploy.0 = Release|Any CPU
		{41EED789-3DA6-4D13-B995-BC1201ADEA6F}.Release|iPhoneSimulator.ActiveCfg = Release|Any CPU
		{41EED789-3DA6-4D13-B995-BC1201ADEA6F}.Release|iPhoneSimulator.Build.0 = Release|Any CPU
		{41EED789-3DA6-4D13-B995-BC1201ADEA6F}.Release|iPhoneSimulator.Deploy.0 = Release|Any CPU
		{41EED789-3DA6-4D13-B995-BC1201ADEA6F}.Release|x64.ActiveCfg = Release|Any CPU
		{41EED789-3DA6-4D13-B995-BC1201ADEA6F}.Release|x64.Build.0 = Release|Any CPU
		{41EED789-3DA6-4D13-B995-BC1201ADEA6F}.Release|x64.Deploy.0 = Release|Any CPU
		{41EED789-3DA6-4D13-B995-BC1201ADEA6F}.Release|x86.ActiveCfg = Release|Any CPU
		{41EED789-3DA6-4D13-B995-BC1201ADEA6F}.Release|x86.Build.0 = Release|Any CPU
		{41EED789-3DA6-4D13-B995-BC1201ADEA6F}.Release|x86.Deploy.0 = Release|Any CPU
		{433C978D-B846-4C20-B6C9-8CE8C0C74478}.Debug|Any CPU.ActiveCfg = Debug|iPhone
		{433C978D-B846-4C20-B6C9-8CE8C0C74478}.Debug|Any CPU.Build.0 = Debug|iPhone
		{433C978D-B846-4C20-B6C9-8CE8C0C74478}.Debug|Any CPU.Deploy.0 = Debug|iPhone
		{433C978D-B846-4C20-B6C9-8CE8C0C74478}.Debug|ARM.ActiveCfg = Debug|iPhoneSimulator
		{433C978D-B846-4C20-B6C9-8CE8C0C74478}.Debug|ARM.Build.0 = Debug|iPhoneSimulator
		{433C978D-B846-4C20-B6C9-8CE8C0C74478}.Debug|ARM.Deploy.0 = Debug|iPhoneSimulator
		{433C978D-B846-4C20-B6C9-8CE8C0C74478}.Debug|iPhone.ActiveCfg = Debug|iPhone
		{433C978D-B846-4C20-B6C9-8CE8C0C74478}.Debug|iPhone.Build.0 = Debug|iPhone
		{433C978D-B846-4C20-B6C9-8CE8C0C74478}.Debug|iPhone.Deploy.0 = Debug|iPhone
		{433C978D-B846-4C20-B6C9-8CE8C0C74478}.Debug|iPhoneSimulator.ActiveCfg = Debug|iPhoneSimulator
		{433C978D-B846-4C20-B6C9-8CE8C0C74478}.Debug|iPhoneSimulator.Build.0 = Debug|iPhoneSimulator
		{433C978D-B846-4C20-B6C9-8CE8C0C74478}.Debug|iPhoneSimulator.Deploy.0 = Debug|iPhoneSimulator
		{433C978D-B846-4C20-B6C9-8CE8C0C74478}.Debug|x64.ActiveCfg = Debug|iPhone
		{433C978D-B846-4C20-B6C9-8CE8C0C74478}.Debug|x64.Build.0 = Debug|iPhone
		{433C978D-B846-4C20-B6C9-8CE8C0C74478}.Debug|x64.Deploy.0 = Debug|iPhone
		{433C978D-B846-4C20-B6C9-8CE8C0C74478}.Debug|x86.ActiveCfg = Debug|iPhone
		{433C978D-B846-4C20-B6C9-8CE8C0C74478}.Debug|x86.Build.0 = Debug|iPhone
		{433C978D-B846-4C20-B6C9-8CE8C0C74478}.Debug|x86.Deploy.0 = Debug|iPhone
		{433C978D-B846-4C20-B6C9-8CE8C0C74478}.Release|Any CPU.ActiveCfg = Release|iPhone
		{433C978D-B846-4C20-B6C9-8CE8C0C74478}.Release|Any CPU.Build.0 = Release|iPhone
		{433C978D-B846-4C20-B6C9-8CE8C0C74478}.Release|Any CPU.Deploy.0 = Release|iPhone
		{433C978D-B846-4C20-B6C9-8CE8C0C74478}.Release|ARM.ActiveCfg = Release|iPhone
		{433C978D-B846-4C20-B6C9-8CE8C0C74478}.Release|ARM.Build.0 = Release|iPhone
		{433C978D-B846-4C20-B6C9-8CE8C0C74478}.Release|ARM.Deploy.0 = Release|iPhone
		{433C978D-B846-4C20-B6C9-8CE8C0C74478}.Release|iPhone.ActiveCfg = Release|iPhone
		{433C978D-B846-4C20-B6C9-8CE8C0C74478}.Release|iPhone.Build.0 = Release|iPhone
		{433C978D-B846-4C20-B6C9-8CE8C0C74478}.Release|iPhone.Deploy.0 = Release|iPhone
		{433C978D-B846-4C20-B6C9-8CE8C0C74478}.Release|iPhoneSimulator.ActiveCfg = Release|iPhoneSimulator
		{433C978D-B846-4C20-B6C9-8CE8C0C74478}.Release|iPhoneSimulator.Build.0 = Release|iPhoneSimulator
		{433C978D-B846-4C20-B6C9-8CE8C0C74478}.Release|iPhoneSimulator.Deploy.0 = Release|iPhoneSimulator
		{433C978D-B846-4C20-B6C9-8CE8C0C74478}.Release|x64.ActiveCfg = Release|iPhone
		{433C978D-B846-4C20-B6C9-8CE8C0C74478}.Release|x64.Build.0 = Release|iPhone
		{433C978D-B846-4C20-B6C9-8CE8C0C74478}.Release|x64.Deploy.0 = Release|iPhone
		{433C978D-B846-4C20-B6C9-8CE8C0C74478}.Release|x86.ActiveCfg = Release|iPhone
		{433C978D-B846-4C20-B6C9-8CE8C0C74478}.Release|x86.Build.0 = Release|iPhone
		{433C978D-B846-4C20-B6C9-8CE8C0C74478}.Release|x86.Deploy.0 = Release|iPhone
		{1F3596A3-683F-4AC9-9E51-8BFD37B6B80A}.Debug|Any CPU.ActiveCfg = Debug|Any CPU
		{1F3596A3-683F-4AC9-9E51-8BFD37B6B80A}.Debug|Any CPU.Build.0 = Debug|Any CPU
		{1F3596A3-683F-4AC9-9E51-8BFD37B6B80A}.Debug|Any CPU.Deploy.0 = Debug|Any CPU
		{1F3596A3-683F-4AC9-9E51-8BFD37B6B80A}.Debug|ARM.ActiveCfg = Debug|Any CPU
		{1F3596A3-683F-4AC9-9E51-8BFD37B6B80A}.Debug|ARM.Build.0 = Debug|Any CPU
		{1F3596A3-683F-4AC9-9E51-8BFD37B6B80A}.Debug|ARM.Deploy.0 = Debug|Any CPU
		{1F3596A3-683F-4AC9-9E51-8BFD37B6B80A}.Debug|iPhone.ActiveCfg = Debug|Any CPU
		{1F3596A3-683F-4AC9-9E51-8BFD37B6B80A}.Debug|iPhone.Build.0 = Debug|Any CPU
		{1F3596A3-683F-4AC9-9E51-8BFD37B6B80A}.Debug|iPhone.Deploy.0 = Debug|Any CPU
		{1F3596A3-683F-4AC9-9E51-8BFD37B6B80A}.Debug|iPhoneSimulator.ActiveCfg = Debug|Any CPU
		{1F3596A3-683F-4AC9-9E51-8BFD37B6B80A}.Debug|iPhoneSimulator.Build.0 = Debug|Any CPU
		{1F3596A3-683F-4AC9-9E51-8BFD37B6B80A}.Debug|iPhoneSimulator.Deploy.0 = Debug|Any CPU
		{1F3596A3-683F-4AC9-9E51-8BFD37B6B80A}.Debug|x64.ActiveCfg = Debug|Any CPU
		{1F3596A3-683F-4AC9-9E51-8BFD37B6B80A}.Debug|x64.Build.0 = Debug|Any CPU
		{1F3596A3-683F-4AC9-9E51-8BFD37B6B80A}.Debug|x64.Deploy.0 = Debug|Any CPU
		{1F3596A3-683F-4AC9-9E51-8BFD37B6B80A}.Debug|x86.ActiveCfg = Debug|Any CPU
		{1F3596A3-683F-4AC9-9E51-8BFD37B6B80A}.Debug|x86.Build.0 = Debug|Any CPU
		{1F3596A3-683F-4AC9-9E51-8BFD37B6B80A}.Debug|x86.Deploy.0 = Debug|Any CPU
		{1F3596A3-683F-4AC9-9E51-8BFD37B6B80A}.Release|Any CPU.ActiveCfg = Release|Any CPU
		{1F3596A3-683F-4AC9-9E51-8BFD37B6B80A}.Release|Any CPU.Build.0 = Release|Any CPU
		{1F3596A3-683F-4AC9-9E51-8BFD37B6B80A}.Release|Any CPU.Deploy.0 = Release|Any CPU
		{1F3596A3-683F-4AC9-9E51-8BFD37B6B80A}.Release|ARM.ActiveCfg = Release|Any CPU
		{1F3596A3-683F-4AC9-9E51-8BFD37B6B80A}.Release|ARM.Build.0 = Release|Any CPU
		{1F3596A3-683F-4AC9-9E51-8BFD37B6B80A}.Release|ARM.Deploy.0 = Release|Any CPU
		{1F3596A3-683F-4AC9-9E51-8BFD37B6B80A}.Release|iPhone.ActiveCfg = Release|Any CPU
		{1F3596A3-683F-4AC9-9E51-8BFD37B6B80A}.Release|iPhone.Build.0 = Release|Any CPU
		{1F3596A3-683F-4AC9-9E51-8BFD37B6B80A}.Release|iPhone.Deploy.0 = Release|Any CPU
		{1F3596A3-683F-4AC9-9E51-8BFD37B6B80A}.Release|iPhoneSimulator.ActiveCfg = Release|Any CPU
		{1F3596A3-683F-4AC9-9E51-8BFD37B6B80A}.Release|iPhoneSimulator.Build.0 = Release|Any CPU
		{1F3596A3-683F-4AC9-9E51-8BFD37B6B80A}.Release|iPhoneSimulator.Deploy.0 = Release|Any CPU
		{1F3596A3-683F-4AC9-9E51-8BFD37B6B80A}.Release|x64.ActiveCfg = Release|Any CPU
		{1F3596A3-683F-4AC9-9E51-8BFD37B6B80A}.Release|x64.Build.0 = Release|Any CPU
		{1F3596A3-683F-4AC9-9E51-8BFD37B6B80A}.Release|x64.Deploy.0 = Release|Any CPU
		{1F3596A3-683F-4AC9-9E51-8BFD37B6B80A}.Release|x86.ActiveCfg = Release|Any CPU
		{1F3596A3-683F-4AC9-9E51-8BFD37B6B80A}.Release|x86.Build.0 = Release|Any CPU
		{1F3596A3-683F-4AC9-9E51-8BFD37B6B80A}.Release|x86.Deploy.0 = Release|Any CPU
	EndGlobalSection
	GlobalSection(SolutionProperties) = preSolution
		HideSolutionNode = FALSE
	EndGlobalSection
	GlobalSection(ExtensibilityGlobals) = postSolution
		SolutionGuid = {7C766551-E937-41AE-8531-B88E5E7BB7CF}
	EndGlobalSection
EndGlobal
