
Microsoft Visual Studio Solution File, Format Version 12.00
# Visual Studio Version 16
VisualStudioVersion = 16.0.29709.97
MinimumVisualStudioVersion = 10.0.40219.1
Project("{FAE04EC0-301F-11D3-BF4B-00C04F79EFBC}") = "Authorizator.UWP", "Authorizator\Authorizator.UWP\Authorizator.UWP.csproj", "{0A5F3D48-6ECF-43E6-A218-5E8676424C3F}"
EndProject
Project("{FAE04EC0-301F-11D3-BF4B-00C04F79EFBC}") = "Authorizator.Android", "Authorizator\Authorizator.Android\Authorizator.Android.csproj", "{036C3D54-749F-4958-9DBD-8AC21BCB7C53}"
EndProject
Project("{FAE04EC0-301F-11D3-BF4B-00C04F79EFBC}") = "Authorizator.iOS", "Authorizator\Authorizator.iOS\Authorizator.iOS.csproj", "{EBD896E7-5826-424E-8B88-AEEAF06E5982}"
EndProject
Project("{FAE04EC0-301F-11D3-BF4B-00C04F79EFBC}") = "Authorizator", "Authorizator\Authorizator\Authorizator.csproj", "{9617A71C-3716-4D01-851A-BFC754A7BE90}"
EndProject
Global
	GlobalSection(SolutionConfigurationPlatforms) = preSolution
		Debug|Any CPU = Debug|Any CPU
		Debug|ARM = Debug|ARM
		Debug|iPhone = Debug|iPhone
		Debug|iPhoneSimulator = Debug|iPhoneSimulator
		Debug|x64 = Debug|x64
		Debug|x86 = Debug|x86
		Release|Any CPU = Release|Any CPU
		Release|ARM = Release|ARM
		Release|iPhone = Release|iPhone
		Release|iPhoneSimulator = Release|iPhoneSimulator
		Release|x64 = Release|x64
		Release|x86 = Release|x86
	EndGlobalSection
	GlobalSection(ProjectConfigurationPlatforms) = postSolution
		{0A5F3D48-6ECF-43E6-A218-5E8676424C3F}.Debug|Any CPU.ActiveCfg = Debug|x86
		{0A5F3D48-6ECF-43E6-A218-5E8676424C3F}.Debug|Any CPU.Build.0 = Debug|x86
		{0A5F3D48-6ECF-43E6-A218-5E8676424C3F}.Debug|Any CPU.Deploy.0 = Debug|x86
		{0A5F3D48-6ECF-43E6-A218-5E8676424C3F}.Debug|ARM.ActiveCfg = Debug|ARM
		{0A5F3D48-6ECF-43E6-A218-5E8676424C3F}.Debug|ARM.Build.0 = Debug|ARM
		{0A5F3D48-6ECF-43E6-A218-5E8676424C3F}.Debug|ARM.Deploy.0 = Debug|ARM
		{0A5F3D48-6ECF-43E6-A218-5E8676424C3F}.Debug|iPhone.ActiveCfg = Debug|x86
		{0A5F3D48-6ECF-43E6-A218-5E8676424C3F}.Debug|iPhone.Build.0 = Debug|x86
		{0A5F3D48-6ECF-43E6-A218-5E8676424C3F}.Debug|iPhone.Deploy.0 = Debug|x86
		{0A5F3D48-6ECF-43E6-A218-5E8676424C3F}.Debug|iPhoneSimulator.ActiveCfg = Debug|x86
		{0A5F3D48-6ECF-43E6-A218-5E8676424C3F}.Debug|iPhoneSimulator.Build.0 = Debug|x86
		{0A5F3D48-6ECF-43E6-A218-5E8676424C3F}.Debug|iPhoneSimulator.Deploy.0 = Debug|x86
		{0A5F3D48-6ECF-43E6-A218-5E8676424C3F}.Debug|x64.ActiveCfg = Debug|x64
		{0A5F3D48-6ECF-43E6-A218-5E8676424C3F}.Debug|x64.Build.0 = Debug|x64
		{0A5F3D48-6ECF-43E6-A218-5E8676424C3F}.Debug|x64.Deploy.0 = Debug|x64
		{0A5F3D48-6ECF-43E6-A218-5E8676424C3F}.Debug|x86.ActiveCfg = Debug|x86
		{0A5F3D48-6ECF-43E6-A218-5E8676424C3F}.Debug|x86.Build.0 = Debug|x86
		{0A5F3D48-6ECF-43E6-A218-5E8676424C3F}.Debug|x86.Deploy.0 = Debug|x86
		{0A5F3D48-6ECF-43E6-A218-5E8676424C3F}.Release|Any CPU.ActiveCfg = Release|x86
		{0A5F3D48-6ECF-43E6-A218-5E8676424C3F}.Release|Any CPU.Build.0 = Release|x86
		{0A5F3D48-6ECF-43E6-A218-5E8676424C3F}.Release|Any CPU.Deploy.0 = Release|x86
		{0A5F3D48-6ECF-43E6-A218-5E8676424C3F}.Release|ARM.ActiveCfg = Release|ARM
		{0A5F3D48-6ECF-43E6-A218-5E8676424C3F}.Release|ARM.Build.0 = Release|ARM
		{0A5F3D48-6ECF-43E6-A218-5E8676424C3F}.Release|ARM.Deploy.0 = Release|ARM
		{0A5F3D48-6ECF-43E6-A218-5E8676424C3F}.Release|iPhone.ActiveCfg = Release|x86
		{0A5F3D48-6ECF-43E6-A218-5E8676424C3F}.Release|iPhone.Build.0 = Release|x86
		{0A5F3D48-6ECF-43E6-A218-5E8676424C3F}.Release|iPhone.Deploy.0 = Release|x86
		{0A5F3D48-6ECF-43E6-A218-5E8676424C3F}.Release|iPhoneSimulator.ActiveCfg = Release|x86
		{0A5F3D48-6ECF-43E6-A218-5E8676424C3F}.Release|iPhoneSimulator.Build.0 = Release|x86
		{0A5F3D48-6ECF-43E6-A218-5E8676424C3F}.Release|iPhoneSimulator.Deploy.0 = Release|x86
		{0A5F3D48-6ECF-43E6-A218-5E8676424C3F}.Release|x64.ActiveCfg = Release|x64
		{0A5F3D48-6ECF-43E6-A218-5E8676424C3F}.Release|x64.Build.0 = Release|x64
		{0A5F3D48-6ECF-43E6-A218-5E8676424C3F}.Release|x64.Deploy.0 = Release|x64
		{0A5F3D48-6ECF-43E6-A218-5E8676424C3F}.Release|x86.ActiveCfg = Release|x86
		{0A5F3D48-6ECF-43E6-A218-5E8676424C3F}.Release|x86.Build.0 = Release|x86
		{0A5F3D48-6ECF-43E6-A218-5E8676424C3F}.Release|x86.Deploy.0 = Release|x86
		{036C3D54-749F-4958-9DBD-8AC21BCB7C53}.Debug|Any CPU.ActiveCfg = Debug|Any CPU
		{036C3D54-749F-4958-9DBD-8AC21BCB7C53}.Debug|Any CPU.Build.0 = Debug|Any CPU
		{036C3D54-749F-4958-9DBD-8AC21BCB7C53}.Debug|Any CPU.Deploy.0 = Debug|Any CPU
		{036C3D54-749F-4958-9DBD-8AC21BCB7C53}.Debug|ARM.ActiveCfg = Debug|Any CPU
		{036C3D54-749F-4958-9DBD-8AC21BCB7C53}.Debug|ARM.Build.0 = Debug|Any CPU
		{036C3D54-749F-4958-9DBD-8AC21BCB7C53}.Debug|ARM.Deploy.0 = Debug|Any CPU
		{036C3D54-749F-4958-9DBD-8AC21BCB7C53}.Debug|iPhone.ActiveCfg = Debug|Any CPU
		{036C3D54-749F-4958-9DBD-8AC21BCB7C53}.Debug|iPhone.Build.0 = Debug|Any CPU
		{036C3D54-749F-4958-9DBD-8AC21BCB7C53}.Debug|iPhone.Deploy.0 = Debug|Any CPU
		{036C3D54-749F-4958-9DBD-8AC21BCB7C53}.Debug|iPhoneSimulator.ActiveCfg = Debug|Any CPU
		{036C3D54-749F-4958-9DBD-8AC21BCB7C53}.Debug|iPhoneSimulator.Build.0 = Debug|Any CPU
		{036C3D54-749F-4958-9DBD-8AC21BCB7C53}.Debug|iPhoneSimulator.Deploy.0 = Debug|Any CPU
		{036C3D54-749F-4958-9DBD-8AC21BCB7C53}.Debug|x64.ActiveCfg = Debug|Any CPU
		{036C3D54-749F-4958-9DBD-8AC21BCB7C53}.Debug|x64.Build.0 = Debug|Any CPU
		{036C3D54-749F-4958-9DBD-8AC21BCB7C53}.Debug|x64.Deploy.0 = Debug|Any CPU
		{036C3D54-749F-4958-9DBD-8AC21BCB7C53}.Debug|x86.ActiveCfg = Debug|Any CPU
		{036C3D54-749F-4958-9DBD-8AC21BCB7C53}.Debug|x86.Build.0 = Debug|Any CPU
		{036C3D54-749F-4958-9DBD-8AC21BCB7C53}.Debug|x86.Deploy.0 = Debug|Any CPU
		{036C3D54-749F-4958-9DBD-8AC21BCB7C53}.Release|Any CPU.ActiveCfg = Release|Any CPU
		{036C3D54-749F-4958-9DBD-8AC21BCB7C53}.Release|Any CPU.Build.0 = Release|Any CPU
		{036C3D54-749F-4958-9DBD-8AC21BCB7C53}.Release|Any CPU.Deploy.0 = Release|Any CPU
		{036C3D54-749F-4958-9DBD-8AC21BCB7C53}.Release|ARM.ActiveCfg = Release|Any CPU
		{036C3D54-749F-4958-9DBD-8AC21BCB7C53}.Release|ARM.Build.0 = Release|Any CPU
		{036C3D54-749F-4958-9DBD-8AC21BCB7C53}.Release|ARM.Deploy.0 = Release|Any CPU
		{036C3D54-749F-4958-9DBD-8AC21BCB7C53}.Release|iPhone.ActiveCfg = Release|Any CPU
		{036C3D54-749F-4958-9DBD-8AC21BCB7C53}.Release|iPhone.Build.0 = Release|Any CPU
		{036C3D54-749F-4958-9DBD-8AC21BCB7C53}.Release|iPhone.Deploy.0 = Release|Any CPU
		{036C3D54-749F-4958-9DBD-8AC21BCB7C53}.Release|iPhoneSimulator.ActiveCfg = Release|Any CPU
		{036C3D54-749F-4958-9DBD-8AC21BCB7C53}.Release|iPhoneSimulator.Build.0 = Release|Any CPU
		{036C3D54-749F-4958-9DBD-8AC21BCB7C53}.Release|iPhoneSimulator.Deploy.0 = Release|Any CPU
		{036C3D54-749F-4958-9DBD-8AC21BCB7C53}.Release|x64.ActiveCfg = Release|Any CPU
		{036C3D54-749F-4958-9DBD-8AC21BCB7C53}.Release|x64.Build.0 = Release|Any CPU
		{036C3D54-749F-4958-9DBD-8AC21BCB7C53}.Release|x64.Deploy.0 = Release|Any CPU
		{036C3D54-749F-4958-9DBD-8AC21BCB7C53}.Release|x86.ActiveCfg = Release|Any CPU
		{036C3D54-749F-4958-9DBD-8AC21BCB7C53}.Release|x86.Build.0 = Release|Any CPU
		{036C3D54-749F-4958-9DBD-8AC21BCB7C53}.Release|x86.Deploy.0 = Release|Any CPU
		{EBD896E7-5826-424E-8B88-AEEAF06E5982}.Debug|Any CPU.ActiveCfg = Debug|iPhone
		{EBD896E7-5826-424E-8B88-AEEAF06E5982}.Debug|Any CPU.Build.0 = Debug|iPhone
		{EBD896E7-5826-424E-8B88-AEEAF06E5982}.Debug|Any CPU.Deploy.0 = Debug|iPhone
		{EBD896E7-5826-424E-8B88-AEEAF06E5982}.Debug|ARM.ActiveCfg = Debug|iPhoneSimulator
		{EBD896E7-5826-424E-8B88-AEEAF06E5982}.Debug|ARM.Build.0 = Debug|iPhoneSimulator
		{EBD896E7-5826-424E-8B88-AEEAF06E5982}.Debug|ARM.Deploy.0 = Debug|iPhoneSimulator
		{EBD896E7-5826-424E-8B88-AEEAF06E5982}.Debug|iPhone.ActiveCfg = Debug|iPhone
		{EBD896E7-5826-424E-8B88-AEEAF06E5982}.Debug|iPhone.Build.0 = Debug|iPhone
		{EBD896E7-5826-424E-8B88-AEEAF06E5982}.Debug|iPhone.Deploy.0 = Debug|iPhone
		{EBD896E7-5826-424E-8B88-AEEAF06E5982}.Debug|iPhoneSimulator.ActiveCfg = Debug|iPhoneSimulator
		{EBD896E7-5826-424E-8B88-AEEAF06E5982}.Debug|iPhoneSimulator.Build.0 = Debug|iPhoneSimulator
		{EBD896E7-5826-424E-8B88-AEEAF06E5982}.Debug|iPhoneSimulator.Deploy.0 = Debug|iPhoneSimulator
		{EBD896E7-5826-424E-8B88-AEEAF06E5982}.Debug|x64.ActiveCfg = Debug|iPhone
		{EBD896E7-5826-424E-8B88-AEEAF06E5982}.Debug|x64.Build.0 = Debug|iPhone
		{EBD896E7-5826-424E-8B88-AEEAF06E5982}.Debug|x64.Deploy.0 = Debug|iPhone
		{EBD896E7-5826-424E-8B88-AEEAF06E5982}.Debug|x86.ActiveCfg = Debug|iPhone
		{EBD896E7-5826-424E-8B88-AEEAF06E5982}.Debug|x86.Build.0 = Debug|iPhone
		{EBD896E7-5826-424E-8B88-AEEAF06E5982}.Debug|x86.Deploy.0 = Debug|iPhone
		{EBD896E7-5826-424E-8B88-AEEAF06E5982}.Release|Any CPU.ActiveCfg = Release|iPhone
		{EBD896E7-5826-424E-8B88-AEEAF06E5982}.Release|Any CPU.Build.0 = Release|iPhone
		{EBD896E7-5826-424E-8B88-AEEAF06E5982}.Release|Any CPU.Deploy.0 = Release|iPhone
		{EBD896E7-5826-424E-8B88-AEEAF06E5982}.Release|ARM.ActiveCfg = Release|iPhone
		{EBD896E7-5826-424E-8B88-AEEAF06E5982}.Release|ARM.Build.0 = Release|iPhone
		{EBD896E7-5826-424E-8B88-AEEAF06E5982}.Release|ARM.Deploy.0 = Release|iPhone
		{EBD896E7-5826-424E-8B88-AEEAF06E5982}.Release|iPhone.ActiveCfg = Release|iPhone
		{EBD896E7-5826-424E-8B88-AEEAF06E5982}.Release|iPhone.Build.0 = Release|iPhone
		{EBD896E7-5826-424E-8B88-AEEAF06E5982}.Release|iPhone.Deploy.0 = Release|iPhone
		{EBD896E7-5826-424E-8B88-AEEAF06E5982}.Release|iPhoneSimulator.ActiveCfg = Release|iPhoneSimulator
		{EBD896E7-5826-424E-8B88-AEEAF06E5982}.Release|iPhoneSimulator.Build.0 = Release|iPhoneSimulator
		{EBD896E7-5826-424E-8B88-AEEAF06E5982}.Release|iPhoneSimulator.Deploy.0 = Release|iPhoneSimulator
		{EBD896E7-5826-424E-8B88-AEEAF06E5982}.Release|x64.ActiveCfg = Release|iPhone
		{EBD896E7-5826-424E-8B88-AEEAF06E5982}.Release|x64.Build.0 = Release|iPhone
		{EBD896E7-5826-424E-8B88-AEEAF06E5982}.Release|x64.Deploy.0 = Release|iPhone
		{EBD896E7-5826-424E-8B88-AEEAF06E5982}.Release|x86.ActiveCfg = Release|iPhone
		{EBD896E7-5826-424E-8B88-AEEAF06E5982}.Release|x86.Build.0 = Release|iPhone
		{EBD896E7-5826-424E-8B88-AEEAF06E5982}.Release|x86.Deploy.0 = Release|iPhone
		{9617A71C-3716-4D01-851A-BFC754A7BE90}.Debug|Any CPU.ActiveCfg = Debug|Any CPU
		{9617A71C-3716-4D01-851A-BFC754A7BE90}.Debug|Any CPU.Build.0 = Debug|Any CPU
		{9617A71C-3716-4D01-851A-BFC754A7BE90}.Debug|Any CPU.Deploy.0 = Debug|Any CPU
		{9617A71C-3716-4D01-851A-BFC754A7BE90}.Debug|ARM.ActiveCfg = Debug|Any CPU
		{9617A71C-3716-4D01-851A-BFC754A7BE90}.Debug|ARM.Build.0 = Debug|Any CPU
		{9617A71C-3716-4D01-851A-BFC754A7BE90}.Debug|ARM.Deploy.0 = Debug|Any CPU
		{9617A71C-3716-4D01-851A-BFC754A7BE90}.Debug|iPhone.ActiveCfg = Debug|Any CPU
		{9617A71C-3716-4D01-851A-BFC754A7BE90}.Debug|iPhone.Build.0 = Debug|Any CPU
		{9617A71C-3716-4D01-851A-BFC754A7BE90}.Debug|iPhone.Deploy.0 = Debug|Any CPU
		{9617A71C-3716-4D01-851A-BFC754A7BE90}.Debug|iPhoneSimulator.ActiveCfg = Debug|Any CPU
		{9617A71C-3716-4D01-851A-BFC754A7BE90}.Debug|iPhoneSimulator.Build.0 = Debug|Any CPU
		{9617A71C-3716-4D01-851A-BFC754A7BE90}.Debug|iPhoneSimulator.Deploy.0 = Debug|Any CPU
		{9617A71C-3716-4D01-851A-BFC754A7BE90}.Debug|x64.ActiveCfg = Debug|Any CPU
		{9617A71C-3716-4D01-851A-BFC754A7BE90}.Debug|x64.Build.0 = Debug|Any CPU
		{9617A71C-3716-4D01-851A-BFC754A7BE90}.Debug|x64.Deploy.0 = Debug|Any CPU
		{9617A71C-3716-4D01-851A-BFC754A7BE90}.Debug|x86.ActiveCfg = Debug|Any CPU
		{9617A71C-3716-4D01-851A-BFC754A7BE90}.Debug|x86.Build.0 = Debug|Any CPU
		{9617A71C-3716-4D01-851A-BFC754A7BE90}.Debug|x86.Deploy.0 = Debug|Any CPU
		{9617A71C-3716-4D01-851A-BFC754A7BE90}.Release|Any CPU.ActiveCfg = Release|Any CPU
		{9617A71C-3716-4D01-851A-BFC754A7BE90}.Release|Any CPU.Build.0 = Release|Any CPU
		{9617A71C-3716-4D01-851A-BFC754A7BE90}.Release|Any CPU.Deploy.0 = Release|Any CPU
		{9617A71C-3716-4D01-851A-BFC754A7BE90}.Release|ARM.ActiveCfg = Release|Any CPU
		{9617A71C-3716-4D01-851A-BFC754A7BE90}.Release|ARM.Build.0 = Release|Any CPU
		{9617A71C-3716-4D01-851A-BFC754A7BE90}.Release|ARM.Deploy.0 = Release|Any CPU
		{9617A71C-3716-4D01-851A-BFC754A7BE90}.Release|iPhone.ActiveCfg = Release|Any CPU
		{9617A71C-3716-4D01-851A-BFC754A7BE90}.Release|iPhone.Build.0 = Release|Any CPU
		{9617A71C-3716-4D01-851A-BFC754A7BE90}.Release|iPhone.Deploy.0 = Release|Any CPU
		{9617A71C-3716-4D01-851A-BFC754A7BE90}.Release|iPhoneSimulator.ActiveCfg = Release|Any CPU
		{9617A71C-3716-4D01-851A-BFC754A7BE90}.Release|iPhoneSimulator.Build.0 = Release|Any CPU
		{9617A71C-3716-4D01-851A-BFC754A7BE90}.Release|iPhoneSimulator.Deploy.0 = Release|Any CPU
		{9617A71C-3716-4D01-851A-BFC754A7BE90}.Release|x64.ActiveCfg = Release|Any CPU
		{9617A71C-3716-4D01-851A-BFC754A7BE90}.Release|x64.Build.0 = Release|Any CPU
		{9617A71C-3716-4D01-851A-BFC754A7BE90}.Release|x64.Deploy.0 = Release|Any CPU
		{9617A71C-3716-4D01-851A-BFC754A7BE90}.Release|x86.ActiveCfg = Release|Any CPU
		{9617A71C-3716-4D01-851A-BFC754A7BE90}.Release|x86.Build.0 = Release|Any CPU
		{9617A71C-3716-4D01-851A-BFC754A7BE90}.Release|x86.Deploy.0 = Release|Any CPU
	EndGlobalSection
	GlobalSection(SolutionProperties) = preSolution
		HideSolutionNode = FALSE
	EndGlobalSection
	GlobalSection(ExtensibilityGlobals) = postSolution
		SolutionGuid = {45725641-C049-446C-BCF1-1A701D7A9793}
	EndGlobalSection
EndGlobal
